// !$*UTF8*$!
{
	archiveVersion = 1;
	classes = {
	};
	objectVersion = 56;
	objects = {

/* Begin PBXBuildFile section */
		22C2D1532A94D8EB002ED2C8 /* AppDelegate.swift in Sources */ = {isa = PBXBuildFile; fileRef = 22C2D1522A94D8EB002ED2C8 /* AppDelegate.swift */; };
		22C2D1552A94D8EB002ED2C8 /* SceneDelegate.swift in Sources */ = {isa = PBXBuildFile; fileRef = 22C2D1542A94D8EB002ED2C8 /* SceneDelegate.swift */; };
		22C2D1572A94D8EB002ED2C8 /* ViewController.swift in Sources */ = {isa = PBXBuildFile; fileRef = 22C2D1562A94D8EB002ED2C8 /* ViewController.swift */; };
		22C2D15A2A94D8EB002ED2C8 /* Main.storyboard in Resources */ = {isa = PBXBuildFile; fileRef = 22C2D1582A94D8EB002ED2C8 /* Main.storyboard */; };
		22C2D15D2A94D8EB002ED2C8 /* RideSharer_Map_Start.xcdatamodeld in Sources */ = {isa = PBXBuildFile; fileRef = 22C2D15B2A94D8EB002ED2C8 /* RideSharer_Map_Start.xcdatamodeld */; };
		22C2D15F2A94D8ED002ED2C8 /* Assets.xcassets in Resources */ = {isa = PBXBuildFile; fileRef = 22C2D15E2A94D8ED002ED2C8 /* Assets.xcassets */; };
		22C2D1622A94D8ED002ED2C8 /* LaunchScreen.storyboard in Resources */ = {isa = PBXBuildFile; fileRef = 22C2D1602A94D8ED002ED2C8 /* LaunchScreen.storyboard */; };
		22C2D16D2A94D8ED002ED2C8 /* RideSharer_Map_StartTests.swift in Sources */ = {isa = PBXBuildFile; fileRef = 22C2D16C2A94D8ED002ED2C8 /* RideSharer_Map_StartTests.swift */; };
		22C2D1772A94D8ED002ED2C8 /* RideSharer_Map_StartUITests.swift in Sources */ = {isa = PBXBuildFile; fileRef = 22C2D1762A94D8ED002ED2C8 /* RideSharer_Map_StartUITests.swift */; };
		22C2D1792A94D8ED002ED2C8 /* RideSharer_Map_StartUITestsLaunchTests.swift in Sources */ = {isa = PBXBuildFile; fileRef = 22C2D1782A94D8ED002ED2C8 /* RideSharer_Map_StartUITestsLaunchTests.swift */; };
/* End PBXBuildFile section */

/* Begin PBXContainerItemProxy section */
		22C2D1692A94D8ED002ED2C8 /* PBXContainerItemProxy */ = {
			isa = PBXContainerItemProxy;
			containerPortal = 22C2D1472A94D8EB002ED2C8 /* Project object */;
			proxyType = 1;
			remoteGlobalIDString = 22C2D14E2A94D8EB002ED2C8;
			remoteInfo = RideSharer_Map_Start;
		};
		22C2D1732A94D8ED002ED2C8 /* PBXContainerItemProxy */ = {
			isa = PBXContainerItemProxy;
			containerPortal = 22C2D1472A94D8EB002ED2C8 /* Project object */;
			proxyType = 1;
			remoteGlobalIDString = 22C2D14E2A94D8EB002ED2C8;
			remoteInfo = RideSharer_Map_Start;
		};
/* End PBXContainerItemProxy section */

/* Begin PBXFileReference section */
		22C2D14F2A94D8EB002ED2C8 /* RideSharer_Map_Start.app */ = {isa = PBXFileReference; explicitFileType = wrapper.application; includeInIndex = 0; path = RideSharer_Map_Start.app; sourceTree = BUILT_PRODUCTS_DIR; };
		22C2D1522A94D8EB002ED2C8 /* AppDelegate.swift */ = {isa = PBXFileReference; lastKnownFileType = sourcecode.swift; path = AppDelegate.swift; sourceTree = "<group>"; };
		22C2D1542A94D8EB002ED2C8 /* SceneDelegate.swift */ = {isa = PBXFileReference; lastKnownFileType = sourcecode.swift; path = SceneDelegate.swift; sourceTree = "<group>"; };
		22C2D1562A94D8EB002ED2C8 /* ViewController.swift */ = {isa = PBXFileReference; lastKnownFileType = sourcecode.swift; path = ViewController.swift; sourceTree = "<group>"; };
		22C2D1592A94D8EB002ED2C8 /* Base */ = {isa = PBXFileReference; lastKnownFileType = file.storyboard; name = Base; path = Base.lproj/Main.storyboard; sourceTree = "<group>"; };
		22C2D15C2A94D8EB002ED2C8 /* RideSharer_Map_Start.xcdatamodel */ = {isa = PBXFileReference; lastKnownFileType = wrapper.xcdatamodel; path = RideSharer_Map_Start.xcdatamodel; sourceTree = "<group>"; };
		22C2D15E2A94D8ED002ED2C8 /* Assets.xcassets */ = {isa = PBXFileReference; lastKnownFileType = folder.assetcatalog; path = Assets.xcassets; sourceTree = "<group>"; };
		22C2D1612A94D8ED002ED2C8 /* Base */ = {isa = PBXFileReference; lastKnownFileType = file.storyboard; name = Base; path = Base.lproj/LaunchScreen.storyboard; sourceTree = "<group>"; };
		22C2D1632A94D8ED002ED2C8 /* Info.plist */ = {isa = PBXFileReference; lastKnownFileType = text.plist.xml; path = Info.plist; sourceTree = "<group>"; };
		22C2D1682A94D8ED002ED2C8 /* RideSharer_Map_StartTests.xctest */ = {isa = PBXFileReference; explicitFileType = wrapper.cfbundle; includeInIndex = 0; path = RideSharer_Map_StartTests.xctest; sourceTree = BUILT_PRODUCTS_DIR; };
		22C2D16C2A94D8ED002ED2C8 /* RideSharer_Map_StartTests.swift */ = {isa = PBXFileReference; lastKnownFileType = sourcecode.swift; path = RideSharer_Map_StartTests.swift; sourceTree = "<group>"; };
		22C2D1722A94D8ED002ED2C8 /* RideSharer_Map_StartUITests.xctest */ = {isa = PBXFileReference; explicitFileType = wrapper.cfbundle; includeInIndex = 0; path = RideSharer_Map_StartUITests.xctest; sourceTree = BUILT_PRODUCTS_DIR; };
		22C2D1762A94D8ED002ED2C8 /* RideSharer_Map_StartUITests.swift */ = {isa = PBXFileReference; lastKnownFileType = sourcecode.swift; path = RideSharer_Map_StartUITests.swift; sourceTree = "<group>"; };
		22C2D1782A94D8ED002ED2C8 /* RideSharer_Map_StartUITestsLaunchTests.swift */ = {isa = PBXFileReference; lastKnownFileType = sourcecode.swift; path = RideSharer_Map_StartUITestsLaunchTests.swift; sourceTree = "<group>"; };
/* End PBXFileReference section */

/* Begin PBXFrameworksBuildPhase section */
		22C2D14C2A94D8EB002ED2C8 /* Frameworks */ = {
			isa = PBXFrameworksBuildPhase;
			buildActionMask = 2147483647;
			files = (
			);
			runOnlyForDeploymentPostprocessing = 0;
		};
		22C2D1652A94D8ED002ED2C8 /* Frameworks */ = {
			isa = PBXFrameworksBuildPhase;
			buildActionMask = 2147483647;
			files = (
			);
			runOnlyForDeploymentPostprocessing = 0;
		};
		22C2D16F2A94D8ED002ED2C8 /* Frameworks */ = {
			isa = PBXFrameworksBuildPhase;
			buildActionMask = 2147483647;
			files = (
			);
			runOnlyForDeploymentPostprocessing = 0;
		};
/* End PBXFrameworksBuildPhase section */

/* Begin PBXGroup section */
		22C2D1462A94D8EB002ED2C8 = {
			isa = PBXGroup;
			children = (
				22C2D1512A94D8EB002ED2C8 /* RideSharer_Map_Start */,
				22C2D16B2A94D8ED002ED2C8 /* RideSharer_Map_StartTests */,
				22C2D1752A94D8ED002ED2C8 /* RideSharer_Map_StartUITests */,
				22C2D1502A94D8EB002ED2C8 /* Products */,
			);
			sourceTree = "<group>";
		};
		22C2D1502A94D8EB002ED2C8 /* Products */ = {
			isa = PBXGroup;
			children = (
				22C2D14F2A94D8EB002ED2C8 /* RideSharer_Map_Start.app */,
				22C2D1682A94D8ED002ED2C8 /* RideSharer_Map_StartTests.xctest */,
				22C2D1722A94D8ED002ED2C8 /* RideSharer_Map_StartUITests.xctest */,
			);
			name = Products;
			sourceTree = "<group>";
		};
		22C2D1512A94D8EB002ED2C8 /* RideSharer_Map_Start */ = {
			isa = PBXGroup;
			children = (
				22C2D1522A94D8EB002ED2C8 /* AppDelegate.swift */,
				22C2D1542A94D8EB002ED2C8 /* SceneDelegate.swift */,
				22C2D1562A94D8EB002ED2C8 /* ViewController.swift */,
				22C2D1582A94D8EB002ED2C8 /* Main.storyboard */,
				22C2D15E2A94D8ED002ED2C8 /* Assets.xcassets */,
				22C2D1602A94D8ED002ED2C8 /* LaunchScreen.storyboard */,
				22C2D1632A94D8ED002ED2C8 /* Info.plist */,
				22C2D15B2A94D8EB002ED2C8 /* RideSharer_Map_Start.xcdatamodeld */,
			);
			path = RideSharer_Map_Start;
			sourceTree = "<group>";
		};
		22C2D16B2A94D8ED002ED2C8 /* RideSharer_Map_StartTests */ = {
			isa = PBXGroup;
			children = (
				22C2D16C2A94D8ED002ED2C8 /* RideSharer_Map_StartTests.swift */,
			);
			path = RideSharer_Map_StartTests;
			sourceTree = "<group>";
		};
		22C2D1752A94D8ED002ED2C8 /* RideSharer_Map_StartUITests */ = {
			isa = PBXGroup;
			children = (
				22C2D1762A94D8ED002ED2C8 /* RideSharer_Map_StartUITests.swift */,
				22C2D1782A94D8ED002ED2C8 /* RideSharer_Map_StartUITestsLaunchTests.swift */,
			);
			path = RideSharer_Map_StartUITests;
			sourceTree = "<group>";
		};
/* End PBXGroup section */

/* Begin PBXNativeTarget section */
		22C2D14E2A94D8EB002ED2C8 /* RideSharer_Map_Start */ = {
			isa = PBXNativeTarget;
			buildConfigurationList = 22C2D17C2A94D8ED002ED2C8 /* Build configuration list for PBXNativeTarget "RideSharer_Map_Start" */;
			buildPhases = (
				22C2D14B2A94D8EB002ED2C8 /* Sources */,
				22C2D14C2A94D8EB002ED2C8 /* Frameworks */,
				22C2D14D2A94D8EB002ED2C8 /* Resources */,
			);
			buildRules = (
			);
			dependencies = (
			);
			name = RideSharer_Map_Start;
			productName = RideSharer_Map_Start;
			productReference = 22C2D14F2A94D8EB002ED2C8 /* RideSharer_Map_Start.app */;
			productType = "com.apple.product-type.application";
		};
		22C2D1672A94D8ED002ED2C8 /* RideSharer_Map_StartTests */ = {
			isa = PBXNativeTarget;
			buildConfigurationList = 22C2D17F2A94D8ED002ED2C8 /* Build configuration list for PBXNativeTarget "RideSharer_Map_StartTests" */;
			buildPhases = (
				22C2D1642A94D8ED002ED2C8 /* Sources */,
				22C2D1652A94D8ED002ED2C8 /* Frameworks */,
				22C2D1662A94D8ED002ED2C8 /* Resources */,
			);
			buildRules = (
			);
			dependencies = (
				22C2D16A2A94D8ED002ED2C8 /* PBXTargetDependency */,
			);
			name = RideSharer_Map_StartTests;
			productName = RideSharer_Map_StartTests;
			productReference = 22C2D1682A94D8ED002ED2C8 /* RideSharer_Map_StartTests.xctest */;
			productType = "com.apple.product-type.bundle.unit-test";
		};
		22C2D1712A94D8ED002ED2C8 /* RideSharer_Map_StartUITests */ = {
			isa = PBXNativeTarget;
			buildConfigurationList = 22C2D1822A94D8ED002ED2C8 /* Build configuration list for PBXNativeTarget "RideSharer_Map_StartUITests" */;
			buildPhases = (
				22C2D16E2A94D8ED002ED2C8 /* Sources */,
				22C2D16F2A94D8ED002ED2C8 /* Frameworks */,
				22C2D1702A94D8ED002ED2C8 /* Resources */,
			);
			buildRules = (
			);
			dependencies = (
				22C2D1742A94D8ED002ED2C8 /* PBXTargetDependency */,
			);
			name = RideSharer_Map_StartUITests;
			productName = RideSharer_Map_StartUITests;
			productReference = 22C2D1722A94D8ED002ED2C8 /* RideSharer_Map_StartUITests.xctest */;
			productType = "com.apple.product-type.bundle.ui-testing";
		};
/* End PBXNativeTarget section */

/* Begin PBXProject section */
		22C2D1472A94D8EB002ED2C8 /* Project object */ = {
			isa = PBXProject;
			attributes = {
				BuildIndependentTargetsInParallel = 1;
				LastSwiftUpdateCheck = 1430;
				LastUpgradeCheck = 1430;
				TargetAttributes = {
					22C2D14E2A94D8EB002ED2C8 = {
						CreatedOnToolsVersion = 14.3.1;
					};
					22C2D1672A94D8ED002ED2C8 = {
						CreatedOnToolsVersion = 14.3.1;
						TestTargetID = 22C2D14E2A94D8EB002ED2C8;
					};
					22C2D1712A94D8ED002ED2C8 = {
						CreatedOnToolsVersion = 14.3.1;
						TestTargetID = 22C2D14E2A94D8EB002ED2C8;
					};
				};
			};
			buildConfigurationList = 22C2D14A2A94D8EB002ED2C8 /* Build configuration list for PBXProject "RideSharer_Map_Start" */;
			compatibilityVersion = "Xcode 14.0";
			developmentRegion = en;
			hasScannedForEncodings = 0;
			knownRegions = (
				en,
				Base,
			);
			mainGroup = 22C2D1462A94D8EB002ED2C8;
			productRefGroup = 22C2D1502A94D8EB002ED2C8 /* Products */;
			projectDirPath = "";
			projectRoot = "";
			targets = (
				22C2D14E2A94D8EB002ED2C8 /* RideSharer_Map_Start */,
				22C2D1672A94D8ED002ED2C8 /* RideSharer_Map_StartTests */,
				22C2D1712A94D8ED002ED2C8 /* RideSharer_Map_StartUITests */,
			);
		};
/* End PBXProject section */

/* Begin PBXResourcesBuildPhase section */
		22C2D14D2A94D8EB002ED2C8 /* Resources */ = {
			isa = PBXResourcesBuildPhase;
			buildActionMask = 2147483647;
			files = (
				22C2D1622A94D8ED002ED2C8 /* LaunchScreen.storyboard in Resources */,
				22C2D15F2A94D8ED002ED2C8 /* Assets.xcassets in Resources */,
				22C2D15A2A94D8EB002ED2C8 /* Main.storyboard in Resources */,
			);
			runOnlyForDeploymentPostprocessing = 0;
		};
		22C2D1662A94D8ED002ED2C8 /* Resources */ = {
			isa = PBXResourcesBuildPhase;
			buildActionMask = 2147483647;
			files = (
			);
			runOnlyForDeploymentPostprocessing = 0;
		};
		22C2D1702A94D8ED002ED2C8 /* Resources */ = {
			isa = PBXResourcesBuildPhase;
			buildActionMask = 2147483647;
			files = (
			);
			runOnlyForDeploymentPostprocessing = 0;
		};
/* End PBXResourcesBuildPhase section */

/* Begin PBXSourcesBuildPhase section */
		22C2D14B2A94D8EB002ED2C8 /* Sources */ = {
			isa = PBXSourcesBuildPhase;
			buildActionMask = 2147483647;
			files = (
				22C2D15D2A94D8EB002ED2C8 /* RideSharer_Map_Start.xcdatamodeld in Sources */,
				22C2D1572A94D8EB002ED2C8 /* ViewController.swift in Sources */,
				22C2D1532A94D8EB002ED2C8 /* AppDelegate.swift in Sources */,
				22C2D1552A94D8EB002ED2C8 /* SceneDelegate.swift in Sources */,
			);
			runOnlyForDeploymentPostprocessing = 0;
		};
		22C2D1642A94D8ED002ED2C8 /* Sources */ = {
			isa = PBXSourcesBuildPhase;
			buildActionMask = 2147483647;
			files = (
				22C2D16D2A94D8ED002ED2C8 /* RideSharer_Map_StartTests.swift in Sources */,
			);
			runOnlyForDeploymentPostprocessing = 0;
		};
		22C2D16E2A94D8ED002ED2C8 /* Sources */ = {
			isa = PBXSourcesBuildPhase;
			buildActionMask = 2147483647;
			files = (
				22C2D1772A94D8ED002ED2C8 /* RideSharer_Map_StartUITests.swift in Sources */,
				22C2D1792A94D8ED002ED2C8 /* RideSharer_Map_StartUITestsLaunchTests.swift in Sources */,
			);
			runOnlyForDeploymentPostprocessing = 0;
		};
/* End PBXSourcesBuildPhase section */

/* Begin PBXTargetDependency section */
		22C2D16A2A94D8ED002ED2C8 /* PBXTargetDependency */ = {
			isa = PBXTargetDependency;
			target = 22C2D14E2A94D8EB002ED2C8 /* RideSharer_Map_Start */;
			targetProxy = 22C2D1692A94D8ED002ED2C8 /* PBXContainerItemProxy */;
		};
		22C2D1742A94D8ED002ED2C8 /* PBXTargetDependency */ = {
			isa = PBXTargetDependency;
			target = 22C2D14E2A94D8EB002ED2C8 /* RideSharer_Map_Start */;
			targetProxy = 22C2D1732A94D8ED002ED2C8 /* PBXContainerItemProxy */;
		};
/* End PBXTargetDependency section */

/* Begin PBXVariantGroup section */
		22C2D1582A94D8EB002ED2C8 /* Main.storyboard */ = {
			isa = PBXVariantGroup;
			children = (
				22C2D1592A94D8EB002ED2C8 /* Base */,
			);
			name = Main.storyboard;
			sourceTree = "<group>";
		};
		22C2D1602A94D8ED002ED2C8 /* LaunchScreen.storyboard */ = {
			isa = PBXVariantGroup;
			children = (
				22C2D1612A94D8ED002ED2C8 /* Base */,
			);
			name = LaunchScreen.storyboard;
			sourceTree = "<group>";
		};
/* End PBXVariantGroup section */

/* Begin XCBuildConfiguration section */
		22C2D17A2A94D8ED002ED2C8 /* Debug */ = {
			isa = XCBuildConfiguration;
			buildSettings = {
				ALWAYS_SEARCH_USER_PATHS = NO;
				CLANG_ANALYZER_NONNULL = YES;
				CLANG_ANALYZER_NUMBER_OBJECT_CONVERSION = YES_AGGRESSIVE;
				CLANG_CXX_LANGUAGE_STANDARD = "gnu++20";
				CLANG_ENABLE_MODULES = YES;
				CLANG_ENABLE_OBJC_ARC = YES;
				CLANG_ENABLE_OBJC_WEAK = YES;
				CLANG_WARN_BLOCK_CAPTURE_AUTORELEASING = YES;
				CLANG_WARN_BOOL_CONVERSION = YES;
				CLANG_WARN_COMMA = YES;
				CLANG_WARN_CONSTANT_CONVERSION = YES;
				CLANG_WARN_DEPRECATED_OBJC_IMPLEMENTATIONS = YES;
				CLANG_WARN_DIRECT_OBJC_ISA_USAGE = YES_ERROR;
				CLANG_WARN_DOCUMENTATION_COMMENTS = YES;
				CLANG_WARN_EMPTY_BODY = YES;
				CLANG_WARN_ENUM_CONVERSION = YES;
				CLANG_WARN_INFINITE_RECURSION = YES;
				CLANG_WARN_INT_CONVERSION = YES;
				CLANG_WARN_NON_LITERAL_NULL_CONVERSION = YES;
				CLANG_WARN_OBJC_IMPLICIT_RETAIN_SELF = YES;
				CLANG_WARN_OBJC_LITERAL_CONVERSION = YES;
				CLANG_WARN_OBJC_ROOT_CLASS = YES_ERROR;
				CLANG_WARN_QUOTED_INCLUDE_IN_FRAMEWORK_HEADER = YES;
				CLANG_WARN_RANGE_LOOP_ANALYSIS = YES;
				CLANG_WARN_STRICT_PROTOTYPES = YES;
				CLANG_WARN_SUSPICIOUS_MOVE = YES;
				CLANG_WARN_UNGUARDED_AVAILABILITY = YES_AGGRESSIVE;
				CLANG_WARN_UNREACHABLE_CODE = YES;
				CLANG_WARN__DUPLICATE_METHOD_MATCH = YES;
				COPY_PHASE_STRIP = NO;
				DEBUG_INFORMATION_FORMAT = dwarf;
				ENABLE_STRICT_OBJC_MSGSEND = YES;
				ENABLE_TESTABILITY = YES;
				GCC_C_LANGUAGE_STANDARD = gnu11;
				GCC_DYNAMIC_NO_PIC = NO;
				GCC_NO_COMMON_BLOCKS = YES;
				GCC_OPTIMIZATION_LEVEL = 0;
				GCC_PREPROCESSOR_DEFINITIONS = (
					"DEBUG=1",
					"$(inherited)",
				);
				GCC_WARN_64_TO_32_BIT_CONVERSION = YES;
				GCC_WARN_ABOUT_RETURN_TYPE = YES_ERROR;
				GCC_WARN_UNDECLARED_SELECTOR = YES;
				GCC_WARN_UNINITIALIZED_AUTOS = YES_AGGRESSIVE;
				GCC_WARN_UNUSED_FUNCTION = YES;
				GCC_WARN_UNUSED_VARIABLE = YES;
				IPHONEOS_DEPLOYMENT_TARGET = 16.4;
				MTL_ENABLE_DEBUG_INFO = INCLUDE_SOURCE;
				MTL_FAST_MATH = YES;
				ONLY_ACTIVE_ARCH = YES;
				SDKROOT = iphoneos;
				SWIFT_ACTIVE_COMPILATION_CONDITIONS = DEBUG;
				SWIFT_OPTIMIZATION_LEVEL = "-Onone";
			};
			name = Debug;
		};
		22C2D17B2A94D8ED002ED2C8 /* Release */ = {
			isa = XCBuildConfiguration;
			buildSettings = {
				ALWAYS_SEARCH_USER_PATHS = NO;
				CLANG_ANALYZER_NONNULL = YES;
				CLANG_ANALYZER_NUMBER_OBJECT_CONVERSION = YES_AGGRESSIVE;
				CLANG_CXX_LANGUAGE_STANDARD = "gnu++20";
				CLANG_ENABLE_MODULES = YES;
				CLANG_ENABLE_OBJC_ARC = YES;
				CLANG_ENABLE_OBJC_WEAK = YES;
				CLANG_WARN_BLOCK_CAPTURE_AUTORELEASING = YES;
				CLANG_WARN_BOOL_CONVERSION = YES;
				CLANG_WARN_COMMA = YES;
				CLANG_WARN_CONSTANT_CONVERSION = YES;
				CLANG_WARN_DEPRECATED_OBJC_IMPLEMENTATIONS = YES;
				CLANG_WARN_DIRECT_OBJC_ISA_USAGE = YES_ERROR;
				CLANG_WARN_DOCUMENTATION_COMMENTS = YES;
				CLANG_WARN_EMPTY_BODY = YES;
				CLANG_WARN_ENUM_CONVERSION = YES;
				CLANG_WARN_INFINITE_RECURSION = YES;
				CLANG_WARN_INT_CONVERSION = YES;
				CLANG_WARN_NON_LITERAL_NULL_CONVERSION = YES;
				CLANG_WARN_OBJC_IMPLICIT_RETAIN_SELF = YES;
				CLANG_WARN_OBJC_LITERAL_CONVERSION = YES;
				CLANG_WARN_OBJC_ROOT_CLASS = YES_ERROR;
				CLANG_WARN_QUOTED_INCLUDE_IN_FRAMEWORK_HEADER = YES;
				CLANG_WARN_RANGE_LOOP_ANALYSIS = YES;
				CLANG_WARN_STRICT_PROTOTYPES = YES;
				CLANG_WARN_SUSPICIOUS_MOVE = YES;
				CLANG_WARN_UNGUARDED_AVAILABILITY = YES_AGGRESSIVE;
				CLANG_WARN_UNREACHABLE_CODE = YES;
				CLANG_WARN__DUPLICATE_METHOD_MATCH = YES;
				COPY_PHASE_STRIP = NO;
				DEBUG_INFORMATION_FORMAT = "dwarf-with-dsym";
				ENABLE_NS_ASSERTIONS = NO;
				ENABLE_STRICT_OBJC_MSGSEND = YES;
				GCC_C_LANGUAGE_STANDARD = gnu11;
				GCC_NO_COMMON_BLOCKS = YES;
				GCC_WARN_64_TO_32_BIT_CONVERSION = YES;
				GCC_WARN_ABOUT_RETURN_TYPE = YES_ERROR;
				GCC_WARN_UNDECLARED_SELECTOR = YES;
				GCC_WARN_UNINITIALIZED_AUTOS = YES_AGGRESSIVE;
				GCC_WARN_UNUSED_FUNCTION = YES;
				GCC_WARN_UNUSED_VARIABLE = YES;
				IPHONEOS_DEPLOYMENT_TARGET = 16.4;
				MTL_ENABLE_DEBUG_INFO = NO;
				MTL_FAST_MATH = YES;
				SDKROOT = iphoneos;
				SWIFT_COMPILATION_MODE = wholemodule;
				SWIFT_OPTIMIZATION_LEVEL = "-O";
				VALIDATE_PRODUCT = YES;
			};
			name = Release;
		};
		22C2D17D2A94D8ED002ED2C8 /* Debug */ = {
			isa = XCBuildConfiguration;
			buildSettings = {
				ASSETCATALOG_COMPILER_APPICON_NAME = AppIcon;
				ASSETCATALOG_COMPILER_GLOBAL_ACCENT_COLOR_NAME = AccentColor;
				CODE_SIGN_STYLE = Automatic;
				CURRENT_PROJECT_VERSION = 1;
				GENERATE_INFOPLIST_FILE = YES;
				INFOPLIST_FILE = RideSharer_Map_Start/Info.plist;
				INFOPLIST_KEY_UIApplicationSupportsIndirectInputEvents = YES;
				INFOPLIST_KEY_UILaunchStoryboardName = LaunchScreen;
				INFOPLIST_KEY_UIMainStoryboardFile = Main;
				INFOPLIST_KEY_UISupportedInterfaceOrientations_iPad = "UIInterfaceOrientationPortrait UIInterfaceOrientationPortraitUpsideDown UIInterfaceOrientationLandscapeLeft UIInterfaceOrientationLandscapeRight";
				INFOPLIST_KEY_UISupportedInterfaceOrientations_iPhone = "UIInterfaceOrientationPortrait UIInterfaceOrientationLandscapeLeft UIInterfaceOrientationLandscapeRight";
				LD_RUNPATH_SEARCH_PATHS = (
					"$(inherited)",
					"@executable_path/Frameworks",
				);
				MARKETING_VERSION = 1.0;
				PRODUCT_BUNDLE_IDENTIFIER = "HariprasadPulipati.RideSharer-Map-Start";
				PRODUCT_NAME = "$(TARGET_NAME)";
				SWIFT_EMIT_LOC_STRINGS = YES;
				SWIFT_VERSION = 5.0;
				TARGETED_DEVICE_FAMILY = "1,2";
			};
			name = Debug;
		};
		22C2D17E2A94D8ED002ED2C8 /* Release */ = {
			isa = XCBuildConfiguration;
			buildSettings = {
				ASSETCATALOG_COMPILER_APPICON_NAME = AppIcon;
				ASSETCATALOG_COMPILER_GLOBAL_ACCENT_COLOR_NAME = AccentColor;
				CODE_SIGN_STYLE = Automatic;
				CURRENT_PROJECT_VERSION = 1;
				GENERATE_INFOPLIST_FILE = YES;
				INFOPLIST_FILE = RideSharer_Map_Start/Info.plist;
				INFOPLIST_KEY_UIApplicationSupportsIndirectInputEvents = YES;
				INFOPLIST_KEY_UILaunchStoryboardName = LaunchScreen;
				INFOPLIST_KEY_UIMainStoryboardFile = Main;
				INFOPLIST_KEY_UISupportedInterfaceOrientations_iPad = "UIInterfaceOrientationPortrait UIInterfaceOrientationPortraitUpsideDown UIInterfaceOrientationLandscapeLeft UIInterfaceOrientationLandscapeRight";
				INFOPLIST_KEY_UISupportedInterfaceOrientations_iPhone = "UIInterfaceOrientationPortrait UIInterfaceOrientationLandscapeLeft UIInterfaceOrientationLandscapeRight";
				LD_RUNPATH_SEARCH_PATHS = (
					"$(inherited)",
					"@executable_path/Frameworks",
				);
				MARKETING_VERSION = 1.0;
				PRODUCT_BUNDLE_IDENTIFIER = "HariprasadPulipati.RideSharer-Map-Start";
				PRODUCT_NAME = "$(TARGET_NAME)";
				SWIFT_EMIT_LOC_STRINGS = YES;
				SWIFT_VERSION = 5.0;
				TARGETED_DEVICE_FAMILY = "1,2";
			};
			name = Release;
		};
		22C2D1802A94D8ED002ED2C8 /* Debug */ = {
			isa = XCBuildConfiguration;
			buildSettings = {
				ALWAYS_EMBED_SWIFT_STANDARD_LIBRARIES = YES;
				BUNDLE_LOADER = "$(TEST_HOST)";
				CODE_SIGN_STYLE = Automatic;
				CURRENT_PROJECT_VERSION = 1;
				GENERATE_INFOPLIST_FILE = YES;
				IPHONEOS_DEPLOYMENT_TARGET = 16.4;
				MARKETING_VERSION = 1.0;
				PRODUCT_BUNDLE_IDENTIFIER = "HariprasadPulipati.RideSharer-Map-StartTests";
				PRODUCT_NAME = "$(TARGET_NAME)";
				SWIFT_EMIT_LOC_STRINGS = NO;
				SWIFT_VERSION = 5.0;
				TARGETED_DEVICE_FAMILY = "1,2";
				TEST_HOST = "$(BUILT_PRODUCTS_DIR)/RideSharer_Map_Start.app/$(BUNDLE_EXECUTABLE_FOLDER_PATH)/RideSharer_Map_Start";
			};
			name = Debug;
		};
		22C2D1812A94D8ED002ED2C8 /* Release */ = {
			isa = XCBuildConfiguration;
			buildSettings = {
				ALWAYS_EMBED_SWIFT_STANDARD_LIBRARIES = YES;
				BUNDLE_LOADER = "$(TEST_HOST)";
				CODE_SIGN_STYLE = Automatic;
				CURRENT_PROJECT_VERSION = 1;
				GENERATE_INFOPLIST_FILE = YES;
				IPHONEOS_DEPLOYMENT_TARGET = 16.4;
				MARKETING_VERSION = 1.0;
				PRODUCT_BUNDLE_IDENTIFIER = "HariprasadPulipati.RideSharer-Map-StartTests";
				PRODUCT_NAME = "$(TARGET_NAME)";
				SWIFT_EMIT_LOC_STRINGS = NO;
				SWIFT_VERSION = 5.0;
				TARGETED_DEVICE_FAMILY = "1,2";
				TEST_HOST = "$(BUILT_PRODUCTS_DIR)/RideSharer_Map_Start.app/$(BUNDLE_EXECUTABLE_FOLDER_PATH)/RideSharer_Map_Start";
			};
			name = Release;
		};
		22C2D1832A94D8ED002ED2C8 /* Debug */ = {
			isa = XCBuildConfiguration;
			buildSettings = {
				ALWAYS_EMBED_SWIFT_STANDARD_LIBRARIES = YES;
				CODE_SIGN_STYLE = Automatic;
				CURRENT_PROJECT_VERSION = 1;
				GENERATE_INFOPLIST_FILE = YES;
				MARKETING_VERSION = 1.0;
				PRODUCT_BUNDLE_IDENTIFIER = "HariprasadPulipati.RideSharer-Map-StartUITests";
				PRODUCT_NAME = "$(TARGET_NAME)";
				SWIFT_EMIT_LOC_STRINGS = NO;
				SWIFT_VERSION = 5.0;
				TARGETED_DEVICE_FAMILY = "1,2";
				TEST_TARGET_NAME = RideSharer_Map_Start;
			};
			name = Debug;
		};
		22C2D1842A94D8ED002ED2C8 /* Release */ = {
			isa = XCBuildConfiguration;
			buildSettings = {
				ALWAYS_EMBED_SWIFT_STANDARD_LIBRARIES = YES;
				CODE_SIGN_STYLE = Automatic;
				CURRENT_PROJECT_VERSION = 1;
				GENERATE_INFOPLIST_FILE = YES;
				MARKETING_VERSION = 1.0;
				PRODUCT_BUNDLE_IDENTIFIER = "HariprasadPulipati.RideSharer-Map-StartUITests";
				PRODUCT_NAME = "$(TARGET_NAME)";
				SWIFT_EMIT_LOC_STRINGS = NO;
				SWIFT_VERSION = 5.0;
				TARGETED_DEVICE_FAMILY = "1,2";
				TEST_TARGET_NAME = RideSharer_Map_Start;
			};
			name = Release;
		};
/* End XCBuildConfiguration section */

/* Begin XCConfigurationList section */
		22C2D14A2A94D8EB002ED2C8 /* Build configuration list for PBXProject "RideSharer_Map_Start" */ = {
			isa = XCConfigurationList;
			buildConfigurations = (
				22C2D17A2A94D8ED002ED2C8 /* Debug */,
				22C2D17B2A94D8ED002ED2C8 /* Release */,
			);
			defaultConfigurationIsVisible = 0;
			defaultConfigurationName = Release;
		};
		22C2D17C2A94D8ED002ED2C8 /* Build configuration list for PBXNativeTarget "RideSharer_Map_Start" */ = {
			isa = XCConfigurationList;
			buildConfigurations = (
				22C2D17D2A94D8ED002ED2C8 /* Debug */,
				22C2D17E2A94D8ED002ED2C8 /* Release */,
			);
			defaultConfigurationIsVisible = 0;
			defaultConfigurationName = Release;
		};
		22C2D17F2A94D8ED002ED2C8 /* Build configuration list for PBXNativeTarget "RideSharer_Map_StartTests" */ = {
			isa = XCConfigurationList;
			buildConfigurations = (
				22C2D1802A94D8ED002ED2C8 /* Debug */,
				22C2D1812A94D8ED002ED2C8 /* Release */,
			);
			defaultConfigurationIsVisible = 0;
			defaultConfigurationName = Release;
		};
		22C2D1822A94D8ED002ED2C8 /* Build configuration list for PBXNativeTarget "RideSharer_Map_StartUITests" */ = {
			isa = XCConfigurationList;
			buildConfigurations = (
				22C2D1832A94D8ED002ED2C8 /* Debug */,
				22C2D1842A94D8ED002ED2C8 /* Release */,
			);
			defaultConfigurationIsVisible = 0;
			defaultConfigurationName = Release;
		};
/* End XCConfigurationList section */

/* Begin XCVersionGroup section */
		22C2D15B2A94D8EB002ED2C8 /* RideSharer_Map_Start.xcdatamodeld */ = {
			isa = XCVersionGroup;
			children = (
				22C2D15C2A94D8EB002ED2C8 /* RideSharer_Map_Start.xcdatamodel */,
			);
			currentVersion = 22C2D15C2A94D8EB002ED2C8 /* RideSharer_Map_Start.xcdatamodel */;
			path = RideSharer_Map_Start.xcdatamodeld;
			sourceTree = "<group>";
			versionGroupType = wrapper.xcdatamodel;
		};
/* End XCVersionGroup section */
	};
	rootObject = 22C2D1472A94D8EB002ED2C8 /* Project object */;
}
